// !$*UTF8*$!
{
	archiveVersion = 1;
	classes = {
	};
	objectVersion = 48;
	objects = {

/* Begin PBXCopyFilesBuildPhase section */
		8ACBFAFD2102C98000DC9DE9 /* CopyFiles */ = {
			isa = PBXCopyFilesBuildPhase;
			buildActionMask = 2147483647;
			dstPath = /usr/share/man/man1/;
			dstSubfolderSpec = 0;
			files = (
			);
			runOnlyForDeploymentPostprocessing = 1;
		};
/* End PBXCopyFilesBuildPhase section */

/* Begin PBXFileReference section */
		8ACBFAF32102C94500DC9DE9 /* obj */ = {isa = PBXFileReference; lastKnownFileType = folder; path = obj; sourceTree = "<group>"; };
		8ACBFAF42102C94600DC9DE9 /* MediaRemote.h */ = {isa = PBXFileReference; lastKnownFileType = sourcecode.c.h; path = MediaRemote.h; sourceTree = "<group>"; };
		8ACBFAF52102C94600DC9DE9 /* packages */ = {isa = PBXFileReference; lastKnownFileType = folder; path = packages; sourceTree = "<group>"; };
		8ACBFAF72102C94600DC9DE9 /* Makefile */ = {isa = PBXFileReference; lastKnownFileType = sourcecode.make; path = Makefile; sourceTree = "<group>"; };
		8ACBFAF82102C94600DC9DE9 /* Podivator.plist */ = {isa = PBXFileReference; lastKnownFileType = text.plist.xml; path = Podivator.plist; sourceTree = "<group>"; };
		8ACBFAF92102C94600DC9DE9 /* Event.cpp */ = {isa = PBXFileReference; lastKnownFileType = sourcecode.cpp.cpp; path = Event.cpp; sourceTree = "<group>"; };
		8ACBFAFA2102C94600DC9DE9 /* Preferences.plist */ = {isa = PBXFileReference; lastKnownFileType = text.plist.xml; path = Preferences.plist; sourceTree = "<group>"; };
		8ACBFAFF2102C98000DC9DE9 /* THEOSBLD */ = {isa = PBXFileReference; explicitFileType = "compiled.mach-o.executable"; includeInIndex = 0; path = THEOSBLD; sourceTree = BUILT_PRODUCTS_DIR; };
		8ACBFB082102CB6E00DC9DE9 /* layout */ = {isa = PBXFileReference; lastKnownFileType = folder; path = layout; sourceTree = "<group>"; };
/* End PBXFileReference section */

/* Begin PBXFrameworksBuildPhase section */
		8ACBFAFC2102C98000DC9DE9 /* Frameworks */ = {
			isa = PBXFrameworksBuildPhase;
			buildActionMask = 2147483647;
			files = (
			);
			runOnlyForDeploymentPostprocessing = 0;
		};
/* End PBXFrameworksBuildPhase section */

/* Begin PBXGroup section */
		8ACBFAEC2102C92700DC9DE9 = {
			isa = PBXGroup;
			children = (
				8ACBFAF92102C94600DC9DE9 /* Event.cpp */,
				8ACBFAF72102C94600DC9DE9 /* Makefile */,
				8ACBFB082102CB6E00DC9DE9 /* layout */,
				8ACBFAF42102C94600DC9DE9 /* MediaRemote.h */,
				8ACBFAF32102C94500DC9DE9 /* obj */,
				8ACBFAF52102C94600DC9DE9 /* packages */,
				8ACBFAF82102C94600DC9DE9 /* Podivator.plist */,
				8ACBFAFA2102C94600DC9DE9 /* Preferences.plist */,
				8ACBFB002102C98000DC9DE9 /* Products */,
			);
			sourceTree = "<group>";
		};
		8ACBFB002102C98000DC9DE9 /* Products */ = {
			isa = PBXGroup;
			children = (
				8ACBFAFF2102C98000DC9DE9 /* THEOSBLD */,
			);
			name = Products;
			sourceTree = "<group>";
		};
/* End PBXGroup section */

/* Begin PBXNativeTarget section */
		8ACBFAFE2102C98000DC9DE9 /* THEOSBLD */ = {
			isa = PBXNativeTarget;
			buildConfigurationList = 8ACBFB042102C98000DC9DE9 /* Build configuration list for PBXNativeTarget "THEOSBLD" */;
			buildPhases = (
				8ACBFAFB2102C98000DC9DE9 /* Sources */,
				8ACBFAFC2102C98000DC9DE9 /* Frameworks */,
				8ACBFAFD2102C98000DC9DE9 /* CopyFiles */,
				8ACBFB072102C99D00DC9DE9 /* ShellScript */,
			);
			buildRules = (
			);
			dependencies = (
			);
			name = THEOSBLD;
			productName = THEOSBLD;
			productReference = 8ACBFAFF2102C98000DC9DE9 /* THEOSBLD */;
			productType = "com.apple.product-type.tool";
		};
/* End PBXNativeTarget section */

/* Begin PBXProject section */
		8ACBFAED2102C92700DC9DE9 /* Project object */ = {
			isa = PBXProject;
			attributes = {
				LastUpgradeCheck = 0920;
				TargetAttributes = {
					8ACBFAFE2102C98000DC9DE9 = {
						CreatedOnToolsVersion = 9.2;
						ProvisioningStyle = Automatic;
					};
				};
			};
			buildConfigurationList = 8ACBFAF02102C92700DC9DE9 /* Build configuration list for PBXProject "Podivator" */;
			compatibilityVersion = "Xcode 8.0";
			developmentRegion = en;
			hasScannedForEncodings = 0;
			knownRegions = (
				en,
			);
			mainGroup = 8ACBFAEC2102C92700DC9DE9;
			productRefGroup = 8ACBFB002102C98000DC9DE9 /* Products */;
			projectDirPath = "";
			projectRoot = "";
			targets = (
				8ACBFAFE2102C98000DC9DE9 /* THEOSBLD */,
			);
		};
/* End PBXProject section */

/* Begin PBXShellScriptBuildPhase section */
		8ACBFB072102C99D00DC9DE9 /* ShellScript */ = {
			isa = PBXShellScriptBuildPhase;
			buildActionMask = 2147483647;
			files = (
			);
			inputPaths = (
			);
			outputPaths = (
			);
			runOnlyForDeploymentPostprocessing = 0;
			shellPath = /bin/sh;
			shellScript = "export THEOS=/Users/keatonburleson/.theos\nexport THEOS_DEVICE_IP=Stev0.local\nrm -rf packages/*\n                \nmake package install";
		};
/* End PBXShellScriptBuildPhase section */

/* Begin PBXSourcesBuildPhase section */
		8ACBFAFB2102C98000DC9DE9 /* Sources */ = {
			isa = PBXSourcesBuildPhase;
			buildActionMask = 2147483647;
			files = (
			);
			runOnlyForDeploymentPostprocessing = 0;
		};
/* End PBXSourcesBuildPhase section */

/* Begin XCBuildConfiguration section */
		8ACBFAF12102C92700DC9DE9 /* Debug */ = {
			isa = XCBuildConfiguration;
			buildSettings = {
			};
			name = Debug;
		};
		8ACBFAF22102C92700DC9DE9 /* Release */ = {
			isa = XCBuildConfiguration;
			buildSettings = {
			};
			name = Release;
		};
		8ACBFB052102C98000DC9DE9 /* Debug */ = {
			isa = XCBuildConfiguration;
			buildSettings = {
				ALWAYS_SEARCH_USER_PATHS = NO;
				CLANG_ANALYZER_NONNULL = YES;
				CLANG_ANALYZER_NUMBER_OBJECT_CONVERSION = YES_AGGRESSIVE;
				CLANG_CXX_LANGUAGE_STANDARD = "gnu++14";
				CLANG_CXX_LIBRARY = "libc++";
				CLANG_ENABLE_MODULES = YES;
				CLANG_ENABLE_OBJC_ARC = YES;
				CLANG_WARN_BLOCK_CAPTURE_AUTORELEASING = YES;
				CLANG_WARN_BOOL_CONVERSION = YES;
				CLANG_WARN_COMMA = YES;
				CLANG_WARN_CONSTANT_CONVERSION = YES;
				CLANG_WARN_DIRECT_OBJC_ISA_USAGE = YES_ERROR;
				CLANG_WARN_DOCUMENTATION_COMMENTS = YES;
				CLANG_WARN_EMPTY_BODY = YES;
				CLANG_WARN_ENUM_CONVERSION = YES;
				CLANG_WARN_INFINITE_RECURSION = YES;
				CLANG_WARN_INT_CONVERSION = YES;
				CLANG_WARN_NON_LITERAL_NULL_CONVERSION = YES;
				CLANG_WARN_OBJC_LITERAL_CONVERSION = YES;
				CLANG_WARN_OBJC_ROOT_CLASS = YES_ERROR;
				CLANG_WARN_RANGE_LOOP_ANALYSIS = YES;
				CLANG_WARN_STRICT_PROTOTYPES = YES;
				CLANG_WARN_SUSPICIOUS_MOVE = YES;
				CLANG_WARN_UNGUARDED_AVAILABILITY = YES_AGGRESSIVE;
				CLANG_WARN_UNREACHABLE_CODE = YES;
				CLANG_WARN__DUPLICATE_METHOD_MATCH = YES;
				CODE_SIGN_IDENTITY = "Mac Developer";
				CODE_SIGN_STYLE = Automatic;
				COPY_PHASE_STRIP = NO;
				DEBUG_INFORMATION_FORMAT = dwarf;
				DEVELOPMENT_TEAM = JMQ9Y3A8K6;
				ENABLE_STRICT_OBJC_MSGSEND = YES;
				ENABLE_TESTABILITY = YES;
				GCC_C_LANGUAGE_STANDARD = gnu11;
				GCC_DYNAMIC_NO_PIC = NO;
				GCC_NO_COMMON_BLOCKS = YES;
				GCC_OPTIMIZATION_LEVEL = 0;
				GCC_PREPROCESSOR_DEFINITIONS = (
					"DEBUG=1",
					"$(inherited)",
				);
				GCC_WARN_64_TO_32_BIT_CONVERSION = YES;
				GCC_WARN_ABOUT_RETURN_TYPE = YES_ERROR;
				GCC_WARN_UNDECLARED_SELECTOR = YES;
				GCC_WARN_UNINITIALIZED_AUTOS = YES_AGGRESSIVE;
				GCC_WARN_UNUSED_FUNCTION = YES;
				GCC_WARN_UNUSED_VARIABLE = YES;
				MACOSX_DEPLOYMENT_TARGET = 10.12;
				MTL_ENABLE_DEBUG_INFO = YES;
				ONLY_ACTIVE_ARCH = YES;
				PRODUCT_NAME = "$(TARGET_NAME)";
				SDKROOT = macosx;
			};
			name = Debug;
		};
		8ACBFB062102C98000DC9DE9 /* Release */ = {
			isa = XCBuildConfiguration;
			buildSettings = {
				ALWAYS_SEARCH_USER_PATHS = NO;
				CLANG_ANALYZER_NONNULL = YES;
				CLANG_ANALYZER_NUMBER_OBJECT_CONVERSION = YES_AGGRESSIVE;
				CLANG_CXX_LANGUAGE_STANDARD = "gnu++14";
				CLANG_CXX_LIBRARY = "libc++";
				CLANG_ENABLE_MODULES = YES;
				CLANG_ENABLE_OBJC_ARC = YES;
				CLANG_WARN_BLOCK_CAPTURE_AUTORELEASING = YES;
				CLANG_WARN_BOOL_CONVERSION = YES;
				CLANG_WARN_COMMA = YES;
				CLANG_WARN_CONSTANT_CONVERSION = YES;
				CLANG_WARN_DIRECT_OBJC_ISA_USAGE = YES_ERROR;
				CLANG_WARN_DOCUMENTATION_COMMENTS = YES;
				CLANG_WARN_EMPTY_BODY = YES;
				CLANG_WARN_ENUM_CONVERSION = YES;
				CLANG_WARN_INFINITE_RECURSION = YES;
				CLANG_WARN_INT_CONVERSION = YES;
				CLANG_WARN_NON_LITERAL_NULL_CONVERSION = YES;
				CLANG_WARN_OBJC_LITERAL_CONVERSION = YES;
				CLANG_WARN_OBJC_ROOT_CLASS = YES_ERROR;
				CLANG_WARN_RANGE_LOOP_ANALYSIS = YES;
				CLANG_WARN_STRICT_PROTOTYPES = YES;
				CLANG_WARN_SUSPICIOUS_MOVE = YES;
				CLANG_WARN_UNGUARDED_AVAILABILITY = YES_AGGRESSIVE;
				CLANG_WARN_UNREACHABLE_CODE = YES;
				CLANG_WARN__DUPLICATE_METHOD_MATCH = YES;
				CODE_SIGN_IDENTITY = "Mac Developer";
				CODE_SIGN_STYLE = Automatic;
				COPY_PHASE_STRIP = NO;
				DEBUG_INFORMATION_FORMAT = "dwarf-with-dsym";
				DEVELOPMENT_TEAM = JMQ9Y3A8K6;
				ENABLE_NS_ASSERTIONS = NO;
				ENABLE_STRICT_OBJC_MSGSEND = YES;
				GCC_C_LANGUAGE_STANDARD = gnu11;
				GCC_NO_COMMON_BLOCKS = YES;
				GCC_WARN_64_TO_32_BIT_CONVERSION = YES;
				GCC_WARN_ABOUT_RETURN_TYPE = YES_ERROR;
				GCC_WARN_UNDECLARED_SELECTOR = YES;
				GCC_WARN_UNINITIALIZED_AUTOS = YES_AGGRESSIVE;
				GCC_WARN_UNUSED_FUNCTION = YES;
				GCC_WARN_UNUSED_VARIABLE = YES;
				MACOSX_DEPLOYMENT_TARGET = 10.12;
				MTL_ENABLE_DEBUG_INFO = NO;
				PRODUCT_NAME = "$(TARGET_NAME)";
				SDKROOT = macosx;
			};
			name = Release;
		};
/* End XCBuildConfiguration section */

/* Begin XCConfigurationList section */
		8ACBFAF02102C92700DC9DE9 /* Build configuration list for PBXProject "Podivator" */ = {
			isa = XCConfigurationList;
			buildConfigurations = (
				8ACBFAF12102C92700DC9DE9 /* Debug */,
				8ACBFAF22102C92700DC9DE9 /* Release */,
			);
			defaultConfigurationIsVisible = 0;
			defaultConfigurationName = Release;
		};
		8ACBFB042102C98000DC9DE9 /* Build configuration list for PBXNativeTarget "THEOSBLD" */ = {
			isa = XCConfigurationList;
			buildConfigurations = (
				8ACBFB052102C98000DC9DE9 /* Debug */,
				8ACBFB062102C98000DC9DE9 /* Release */,
			);
			defaultConfigurationIsVisible = 0;
			defaultConfigurationName = Release;
		};
/* End XCConfigurationList section */
	};
	rootObject = 8ACBFAED2102C92700DC9DE9 /* Project object */;
}
